// !$*UTF8*$!
{
	archiveVersion = 1;
	classes = {
	};
	objectVersion = 56;
	objects = {

/* Begin PBXBuildFile section */
		A30D9E752B9094BB007D81F2 /* Capital.swift in Sources */ = {isa = PBXBuildFile; fileRef = A30D9E742B9094BB007D81F2 /* Capital.swift */; };
		A32E91EA2B8DF7DB00DC977B /* WeatherAppApp.swift in Sources */ = {isa = PBXBuildFile; fileRef = A32E91E92B8DF7DB00DC977B /* WeatherAppApp.swift */; };
		A32E91EE2B8DF7DC00DC977B /* Assets.xcassets in Resources */ = {isa = PBXBuildFile; fileRef = A32E91ED2B8DF7DC00DC977B /* Assets.xcassets */; };
		A32E91F12B8DF7DC00DC977B /* Preview Assets.xcassets in Resources */ = {isa = PBXBuildFile; fileRef = A32E91F02B8DF7DC00DC977B /* Preview Assets.xcassets */; };
		A32E91FA2B8E076200DC977B /* Color.swift in Sources */ = {isa = PBXBuildFile; fileRef = A32E91F92B8E076200DC977B /* Color.swift */; };
		A32E92002B8E105B00DC977B /* PrincipalView.swift in Sources */ = {isa = PBXBuildFile; fileRef = A32E91FF2B8E105B00DC977B /* PrincipalView.swift */; };
		A32E92022B8E1D3F00DC977B /* PrincipalViewModel.swift in Sources */ = {isa = PBXBuildFile; fileRef = A32E92012B8E1D3F00DC977B /* PrincipalViewModel.swift */; };
		A32E92042B8E1DC500DC977B /* PrincipalViewInteractor.swift in Sources */ = {isa = PBXBuildFile; fileRef = A32E92032B8E1DC500DC977B /* PrincipalViewInteractor.swift */; };
		A32E92072B8E1F3700DC977B /* WeatherModel.swift in Sources */ = {isa = PBXBuildFile; fileRef = A32E92062B8E1F3700DC977B /* WeatherModel.swift */; };
		A32E920A2B8E328F00DC977B /* Networker.swift in Sources */ = {isa = PBXBuildFile; fileRef = A32E92092B8E328F00DC977B /* Networker.swift */; };
		A32E920C2B8E329900DC977B /* NetworkManager.swift in Sources */ = {isa = PBXBuildFile; fileRef = A32E920B2B8E329900DC977B /* NetworkManager.swift */; };
		A32E920F2B8E356700DC977B /* Globals.swift in Sources */ = {isa = PBXBuildFile; fileRef = A32E920E2B8E356700DC977B /* Globals.swift */; };
		A33836D62B9749C50052CAF2 /* TodayTimeView.swift in Sources */ = {isa = PBXBuildFile; fileRef = A33836D52B9749C50052CAF2 /* TodayTimeView.swift */; };
		A338BAB42BA07BCA00CC91D0 /* NextForecastView.swift in Sources */ = {isa = PBXBuildFile; fileRef = A338BAB32BA07BCA00CC91D0 /* NextForecastView.swift */; };
		A338BAB72BA0801300CC91D0 /* TimeperDayNextForecastView.swift in Sources */ = {isa = PBXBuildFile; fileRef = A338BAB62BA0801300CC91D0 /* TimeperDayNextForecastView.swift */; };
		A3A488212B9A205A00AE60F1 /* ForecastWeatherModel.swift in Sources */ = {isa = PBXBuildFile; fileRef = A3A488202B9A205A00AE60F1 /* ForecastWeatherModel.swift */; };
		A3A488232B9A2D3300AE60F1 /* String.swift in Sources */ = {isa = PBXBuildFile; fileRef = A3A488222B9A2D3300AE60F1 /* String.swift */; };
		A3C469CA2B964B38003D3867 /* WeatherConditionsView.swift in Sources */ = {isa = PBXBuildFile; fileRef = A3C469C92B964B38003D3867 /* WeatherConditionsView.swift */; };
		A3CEADC72B98952900C8CC4D /* TimePerHourCell.swift in Sources */ = {isa = PBXBuildFile; fileRef = A3CEADC62B98952900C8CC4D /* TimePerHourCell.swift */; };
		A3EC32F42B95DF6D00BCF923 /* DropDownCustom.swift in Sources */ = {isa = PBXBuildFile; fileRef = A3EC32F32B95DF6D00BCF923 /* DropDownCustom.swift */; };
/* End PBXBuildFile section */

/* Begin PBXFileReference section */
		A30D9E742B9094BB007D81F2 /* Capital.swift */ = {isa = PBXFileReference; lastKnownFileType = sourcecode.swift; path = Capital.swift; sourceTree = "<group>"; };
		A32E91E62B8DF7DB00DC977B /* WeatherApp.app */ = {isa = PBXFileReference; explicitFileType = wrapper.application; includeInIndex = 0; path = WeatherApp.app; sourceTree = BUILT_PRODUCTS_DIR; };
		A32E91E92B8DF7DB00DC977B /* WeatherAppApp.swift */ = {isa = PBXFileReference; lastKnownFileType = sourcecode.swift; path = WeatherAppApp.swift; sourceTree = "<group>"; };
		A32E91ED2B8DF7DC00DC977B /* Assets.xcassets */ = {isa = PBXFileReference; lastKnownFileType = folder.assetcatalog; path = Assets.xcassets; sourceTree = "<group>"; };
		A32E91F02B8DF7DC00DC977B /* Preview Assets.xcassets */ = {isa = PBXFileReference; lastKnownFileType = folder.assetcatalog; path = "Preview Assets.xcassets"; sourceTree = "<group>"; };
		A32E91F92B8E076200DC977B /* Color.swift */ = {isa = PBXFileReference; lastKnownFileType = sourcecode.swift; path = Color.swift; sourceTree = "<group>"; };
		A32E91FF2B8E105B00DC977B /* PrincipalView.swift */ = {isa = PBXFileReference; lastKnownFileType = sourcecode.swift; path = PrincipalView.swift; sourceTree = "<group>"; };
		A32E92012B8E1D3F00DC977B /* PrincipalViewModel.swift */ = {isa = PBXFileReference; lastKnownFileType = sourcecode.swift; path = PrincipalViewModel.swift; sourceTree = "<group>"; };
		A32E92032B8E1DC500DC977B /* PrincipalViewInteractor.swift */ = {isa = PBXFileReference; lastKnownFileType = sourcecode.swift; path = PrincipalViewInteractor.swift; sourceTree = "<group>"; };
		A32E92062B8E1F3700DC977B /* WeatherModel.swift */ = {isa = PBXFileReference; lastKnownFileType = sourcecode.swift; path = WeatherModel.swift; sourceTree = "<group>"; };
		A32E92092B8E328F00DC977B /* Networker.swift */ = {isa = PBXFileReference; lastKnownFileType = sourcecode.swift; path = Networker.swift; sourceTree = "<group>"; };
		A32E920B2B8E329900DC977B /* NetworkManager.swift */ = {isa = PBXFileReference; lastKnownFileType = sourcecode.swift; path = NetworkManager.swift; sourceTree = "<group>"; };
		A32E920E2B8E356700DC977B /* Globals.swift */ = {isa = PBXFileReference; lastKnownFileType = sourcecode.swift; path = Globals.swift; sourceTree = "<group>"; };
		A33836D52B9749C50052CAF2 /* TodayTimeView.swift */ = {isa = PBXFileReference; lastKnownFileType = sourcecode.swift; path = TodayTimeView.swift; sourceTree = "<group>"; };
		A338BAB32BA07BCA00CC91D0 /* NextForecastView.swift */ = {isa = PBXFileReference; lastKnownFileType = sourcecode.swift; path = NextForecastView.swift; sourceTree = "<group>"; };
		A338BAB62BA0801300CC91D0 /* TimeperDayNextForecastView.swift */ = {isa = PBXFileReference; lastKnownFileType = sourcecode.swift; path = TimeperDayNextForecastView.swift; sourceTree = "<group>"; };
		A3A488202B9A205A00AE60F1 /* ForecastWeatherModel.swift */ = {isa = PBXFileReference; lastKnownFileType = sourcecode.swift; path = ForecastWeatherModel.swift; sourceTree = "<group>"; };
		A3A488222B9A2D3300AE60F1 /* String.swift */ = {isa = PBXFileReference; lastKnownFileType = sourcecode.swift; path = String.swift; sourceTree = "<group>"; };
		A3C469C92B964B38003D3867 /* WeatherConditionsView.swift */ = {isa = PBXFileReference; lastKnownFileType = sourcecode.swift; path = WeatherConditionsView.swift; sourceTree = "<group>"; };
		A3CEADC62B98952900C8CC4D /* TimePerHourCell.swift */ = {isa = PBXFileReference; lastKnownFileType = sourcecode.swift; path = TimePerHourCell.swift; sourceTree = "<group>"; };
		A3EC32F32B95DF6D00BCF923 /* DropDownCustom.swift */ = {isa = PBXFileReference; lastKnownFileType = sourcecode.swift; path = DropDownCustom.swift; sourceTree = "<group>"; };
/* End PBXFileReference section */

/* Begin PBXFrameworksBuildPhase section */
		A32E91E32B8DF7DB00DC977B /* Frameworks */ = {
			isa = PBXFrameworksBuildPhase;
			buildActionMask = 2147483647;
			files = (
			);
			runOnlyForDeploymentPostprocessing = 0;
		};
/* End PBXFrameworksBuildPhase section */

/* Begin PBXGroup section */
		A32E91DD2B8DF7DB00DC977B = {
			isa = PBXGroup;
			children = (
				A32E91E82B8DF7DB00DC977B /* WeatherApp */,
				A32E91E72B8DF7DB00DC977B /* Products */,
			);
			sourceTree = "<group>";
		};
		A32E91E72B8DF7DB00DC977B /* Products */ = {
			isa = PBXGroup;
			children = (
				A32E91E62B8DF7DB00DC977B /* WeatherApp.app */,
			);
			name = Products;
			sourceTree = "<group>";
		};
		A32E91E82B8DF7DB00DC977B /* WeatherApp */ = {
			isa = PBXGroup;
			children = (
				A32E920D2B8E355B00DC977B /* Global */,
				A32E92082B8E327E00DC977B /* Network */,
				A32E92052B8E1DEB00DC977B /* Model */,
				A32E91FC2B8E0E1300DC977B /* UI */,
				A32E91FB2B8E0DAB00DC977B /* Extension */,
				A32E91F82B8E059500DC977B /* Resources */,
				A32E91F72B8E058D00DC977B /* App */,
				A32E91EF2B8DF7DC00DC977B /* Preview Content */,
			);
			path = WeatherApp;
			sourceTree = "<group>";
		};
		A32E91EF2B8DF7DC00DC977B /* Preview Content */ = {
			isa = PBXGroup;
			children = (
				A32E91F02B8DF7DC00DC977B /* Preview Assets.xcassets */,
			);
			path = "Preview Content";
			sourceTree = "<group>";
		};
		A32E91F72B8E058D00DC977B /* App */ = {
			isa = PBXGroup;
			children = (
				A32E91E92B8DF7DB00DC977B /* WeatherAppApp.swift */,
			);
			path = App;
			sourceTree = "<group>";
		};
		A32E91F82B8E059500DC977B /* Resources */ = {
			isa = PBXGroup;
			children = (
				A32E91ED2B8DF7DC00DC977B /* Assets.xcassets */,
			);
			path = Resources;
			sourceTree = "<group>";
		};
		A32E91FB2B8E0DAB00DC977B /* Extension */ = {
			isa = PBXGroup;
			children = (
				A32E91F92B8E076200DC977B /* Color.swift */,
				A3A488222B9A2D3300AE60F1 /* String.swift */,
			);
			path = Extension;
			sourceTree = "<group>";
		};
		A32E91FC2B8E0E1300DC977B /* UI */ = {
			isa = PBXGroup;
			children = (
				A32E91FE2B8E0E3300DC977B /* View */,
				A32E91FD2B8E0E2600DC977B /* ViewModel */,
			);
			path = UI;
			sourceTree = "<group>";
		};
		A32E91FD2B8E0E2600DC977B /* ViewModel */ = {
			isa = PBXGroup;
			children = (
				A32E92012B8E1D3F00DC977B /* PrincipalViewModel.swift */,
				A32E92032B8E1DC500DC977B /* PrincipalViewInteractor.swift */,
			);
			path = ViewModel;
			sourceTree = "<group>";
		};
		A32E91FE2B8E0E3300DC977B /* View */ = {
			isa = PBXGroup;
			children = (
				A338BAB52BA07E0700CC91D0 /* NextForecast */,
				A3CEADC52B9894F200C8CC4D /* TodayTime */,
				A32E91FF2B8E105B00DC977B /* PrincipalView.swift */,
				A3EC32F32B95DF6D00BCF923 /* DropDownCustom.swift */,
				A3C469C92B964B38003D3867 /* WeatherConditionsView.swift */,
			);
			path = View;
			sourceTree = "<group>";
		};
		A32E92052B8E1DEB00DC977B /* Model */ = {
			isa = PBXGroup;
			children = (
				A32E92062B8E1F3700DC977B /* WeatherModel.swift */,
				A30D9E742B9094BB007D81F2 /* Capital.swift */,
				A3A488202B9A205A00AE60F1 /* ForecastWeatherModel.swift */,
			);
			path = Model;
			sourceTree = "<group>";
		};
		A32E92082B8E327E00DC977B /* Network */ = {
			isa = PBXGroup;
			children = (
				A32E92092B8E328F00DC977B /* Networker.swift */,
				A32E920B2B8E329900DC977B /* NetworkManager.swift */,
			);
			path = Network;
			sourceTree = "<group>";
		};
		A32E920D2B8E355B00DC977B /* Global */ = {
			isa = PBXGroup;
			children = (
				A32E920E2B8E356700DC977B /* Globals.swift */,
			);
			path = Global;
			sourceTree = "<group>";
		};
		A338BAB52BA07E0700CC91D0 /* NextForecast */ = {
			isa = PBXGroup;
			children = (
				A338BAB32BA07BCA00CC91D0 /* NextForecastView.swift */,
				A338BAB62BA0801300CC91D0 /* TimeperDayNextForecastView.swift */,
			);
			path = NextForecast;
			sourceTree = "<group>";
		};
		A3CEADC52B9894F200C8CC4D /* TodayTime */ = {
			isa = PBXGroup;
			children = (
				A33836D52B9749C50052CAF2 /* TodayTimeView.swift */,
				A3CEADC62B98952900C8CC4D /* TimePerHourCell.swift */,
			);
			path = TodayTime;
			sourceTree = "<group>";
		};
/* End PBXGroup section */

/* Begin PBXNativeTarget section */
		A32E91E52B8DF7DB00DC977B /* WeatherApp */ = {
			isa = PBXNativeTarget;
			buildConfigurationList = A32E91F42B8DF7DC00DC977B /* Build configuration list for PBXNativeTarget "WeatherApp" */;
			buildPhases = (
				A32E91E22B8DF7DB00DC977B /* Sources */,
				A32E91E32B8DF7DB00DC977B /* Frameworks */,
				A32E91E42B8DF7DB00DC977B /* Resources */,
			);
			buildRules = (
			);
			dependencies = (
			);
			name = WeatherApp;
			productName = WeatherApp;
			productReference = A32E91E62B8DF7DB00DC977B /* WeatherApp.app */;
			productType = "com.apple.product-type.application";
		};
/* End PBXNativeTarget section */

/* Begin PBXProject section */
		A32E91DE2B8DF7DB00DC977B /* Project object */ = {
			isa = PBXProject;
			attributes = {
				BuildIndependentTargetsInParallel = 1;
				LastSwiftUpdateCheck = 1520;
				LastUpgradeCheck = 1520;
				TargetAttributes = {
					A32E91E52B8DF7DB00DC977B = {
						CreatedOnToolsVersion = 15.2;
					};
				};
			};
			buildConfigurationList = A32E91E12B8DF7DB00DC977B /* Build configuration list for PBXProject "WeatherApp" */;
			compatibilityVersion = "Xcode 14.0";
			developmentRegion = en;
			hasScannedForEncodings = 0;
			knownRegions = (
				en,
				Base,
			);
			mainGroup = A32E91DD2B8DF7DB00DC977B;
			productRefGroup = A32E91E72B8DF7DB00DC977B /* Products */;
			projectDirPath = "";
			projectRoot = "";
			targets = (
				A32E91E52B8DF7DB00DC977B /* WeatherApp */,
			);
		};
/* End PBXProject section */

/* Begin PBXResourcesBuildPhase section */
		A32E91E42B8DF7DB00DC977B /* Resources */ = {
			isa = PBXResourcesBuildPhase;
			buildActionMask = 2147483647;
			files = (
				A32E91F12B8DF7DC00DC977B /* Preview Assets.xcassets in Resources */,
				A32E91EE2B8DF7DC00DC977B /* Assets.xcassets in Resources */,
			);
			runOnlyForDeploymentPostprocessing = 0;
		};
/* End PBXResourcesBuildPhase section */

/* Begin PBXSourcesBuildPhase section */
		A32E91E22B8DF7DB00DC977B /* Sources */ = {
			isa = PBXSourcesBuildPhase;
			buildActionMask = 2147483647;
			files = (
				A32E91EA2B8DF7DB00DC977B /* WeatherAppApp.swift in Sources */,
				A32E920A2B8E328F00DC977B /* Networker.swift in Sources */,
				A338BAB72BA0801300CC91D0 /* TimeperDayNextForecastView.swift in Sources */,
				A32E92022B8E1D3F00DC977B /* PrincipalViewModel.swift in Sources */,
				A338BAB42BA07BCA00CC91D0 /* NextForecastView.swift in Sources */,
				A32E92072B8E1F3700DC977B /* WeatherModel.swift in Sources */,
				A30D9E752B9094BB007D81F2 /* Capital.swift in Sources */,
				A3A488212B9A205A00AE60F1 /* ForecastWeatherModel.swift in Sources */,
				A3EC32F42B95DF6D00BCF923 /* DropDownCustom.swift in Sources */,
				A32E920C2B8E329900DC977B /* NetworkManager.swift in Sources */,
				A3C469CA2B964B38003D3867 /* WeatherConditionsView.swift in Sources */,
				A3CEADC72B98952900C8CC4D /* TimePerHourCell.swift in Sources */,
				A32E92042B8E1DC500DC977B /* PrincipalViewInteractor.swift in Sources */,
				A33836D62B9749C50052CAF2 /* TodayTimeView.swift in Sources */,
				A32E92002B8E105B00DC977B /* PrincipalView.swift in Sources */,
				A32E91FA2B8E076200DC977B /* Color.swift in Sources */,
				A3A488232B9A2D3300AE60F1 /* String.swift in Sources */,
				A32E920F2B8E356700DC977B /* Globals.swift in Sources */,
			);
			runOnlyForDeploymentPostprocessing = 0;
		};
/* End PBXSourcesBuildPhase section */

/* Begin XCBuildConfiguration section */
		A32E91F22B8DF7DC00DC977B /* Debug */ = {
			isa = XCBuildConfiguration;
			buildSettings = {
				ALWAYS_SEARCH_USER_PATHS = NO;
				ASSETCATALOG_COMPILER_GENERATE_SWIFT_ASSET_SYMBOL_EXTENSIONS = YES;
				CLANG_ANALYZER_NONNULL = YES;
				CLANG_ANALYZER_NUMBER_OBJECT_CONVERSION = YES_AGGRESSIVE;
				CLANG_CXX_LANGUAGE_STANDARD = "gnu++20";
				CLANG_ENABLE_MODULES = YES;
				CLANG_ENABLE_OBJC_ARC = YES;
				CLANG_ENABLE_OBJC_WEAK = YES;
				CLANG_WARN_BLOCK_CAPTURE_AUTORELEASING = YES;
				CLANG_WARN_BOOL_CONVERSION = YES;
				CLANG_WARN_COMMA = YES;
				CLANG_WARN_CONSTANT_CONVERSION = YES;
				CLANG_WARN_DEPRECATED_OBJC_IMPLEMENTATIONS = YES;
				CLANG_WARN_DIRECT_OBJC_ISA_USAGE = YES_ERROR;
				CLANG_WARN_DOCUMENTATION_COMMENTS = YES;
				CLANG_WARN_EMPTY_BODY = YES;
				CLANG_WARN_ENUM_CONVERSION = YES;
				CLANG_WARN_INFINITE_RECURSION = YES;
				CLANG_WARN_INT_CONVERSION = YES;
				CLANG_WARN_NON_LITERAL_NULL_CONVERSION = YES;
				CLANG_WARN_OBJC_IMPLICIT_RETAIN_SELF = YES;
				CLANG_WARN_OBJC_LITERAL_CONVERSION = YES;
				CLANG_WARN_OBJC_ROOT_CLASS = YES_ERROR;
				CLANG_WARN_QUOTED_INCLUDE_IN_FRAMEWORK_HEADER = YES;
				CLANG_WARN_RANGE_LOOP_ANALYSIS = YES;
				CLANG_WARN_STRICT_PROTOTYPES = YES;
				CLANG_WARN_SUSPICIOUS_MOVE = YES;
				CLANG_WARN_UNGUARDED_AVAILABILITY = YES_AGGRESSIVE;
				CLANG_WARN_UNREACHABLE_CODE = YES;
				CLANG_WARN__DUPLICATE_METHOD_MATCH = YES;
				COPY_PHASE_STRIP = NO;
				DEBUG_INFORMATION_FORMAT = dwarf;
				ENABLE_STRICT_OBJC_MSGSEND = YES;
				ENABLE_TESTABILITY = YES;
				ENABLE_USER_SCRIPT_SANDBOXING = YES;
				GCC_C_LANGUAGE_STANDARD = gnu17;
				GCC_DYNAMIC_NO_PIC = NO;
				GCC_NO_COMMON_BLOCKS = YES;
				GCC_OPTIMIZATION_LEVEL = 0;
				GCC_PREPROCESSOR_DEFINITIONS = (
					"DEBUG=1",
					"$(inherited)",
				);
				GCC_WARN_64_TO_32_BIT_CONVERSION = YES;
				GCC_WARN_ABOUT_RETURN_TYPE = YES_ERROR;
				GCC_WARN_UNDECLARED_SELECTOR = YES;
				GCC_WARN_UNINITIALIZED_AUTOS = YES_AGGRESSIVE;
				GCC_WARN_UNUSED_FUNCTION = YES;
				GCC_WARN_UNUSED_VARIABLE = YES;
				IPHONEOS_DEPLOYMENT_TARGET = 17.2;
				LOCALIZATION_PREFERS_STRING_CATALOGS = YES;
				MTL_ENABLE_DEBUG_INFO = INCLUDE_SOURCE;
				MTL_FAST_MATH = YES;
				ONLY_ACTIVE_ARCH = YES;
				SDKROOT = iphoneos;
				SWIFT_ACTIVE_COMPILATION_CONDITIONS = "DEBUG $(inherited)";
				SWIFT_OPTIMIZATION_LEVEL = "-Onone";
			};
			name = Debug;
		};
		A32E91F32B8DF7DC00DC977B /* Release */ = {
			isa = XCBuildConfiguration;
			buildSettings = {
				ALWAYS_SEARCH_USER_PATHS = NO;
				ASSETCATALOG_COMPILER_GENERATE_SWIFT_ASSET_SYMBOL_EXTENSIONS = YES;
				CLANG_ANALYZER_NONNULL = YES;
				CLANG_ANALYZER_NUMBER_OBJECT_CONVERSION = YES_AGGRESSIVE;
				CLANG_CXX_LANGUAGE_STANDARD = "gnu++20";
				CLANG_ENABLE_MODULES = YES;
				CLANG_ENABLE_OBJC_ARC = YES;
				CLANG_ENABLE_OBJC_WEAK = YES;
				CLANG_WARN_BLOCK_CAPTURE_AUTORELEASING = YES;
				CLANG_WARN_BOOL_CONVERSION = YES;
				CLANG_WARN_COMMA = YES;
				CLANG_WARN_CONSTANT_CONVERSION = YES;
				CLANG_WARN_DEPRECATED_OBJC_IMPLEMENTATIONS = YES;
				CLANG_WARN_DIRECT_OBJC_ISA_USAGE = YES_ERROR;
				CLANG_WARN_DOCUMENTATION_COMMENTS = YES;
				CLANG_WARN_EMPTY_BODY = YES;
				CLANG_WARN_ENUM_CONVERSION = YES;
				CLANG_WARN_INFINITE_RECURSION = YES;
				CLANG_WARN_INT_CONVERSION = YES;
				CLANG_WARN_NON_LITERAL_NULL_CONVERSION = YES;
				CLANG_WARN_OBJC_IMPLICIT_RETAIN_SELF = YES;
				CLANG_WARN_OBJC_LITERAL_CONVERSION = YES;
				CLANG_WARN_OBJC_ROOT_CLASS = YES_ERROR;
				CLANG_WARN_QUOTED_INCLUDE_IN_FRAMEWORK_HEADER = YES;
				CLANG_WARN_RANGE_LOOP_ANALYSIS = YES;
				CLANG_WARN_STRICT_PROTOTYPES = YES;
				CLANG_WARN_SUSPICIOUS_MOVE = YES;
				CLANG_WARN_UNGUARDED_AVAILABILITY = YES_AGGRESSIVE;
				CLANG_WARN_UNREACHABLE_CODE = YES;
				CLANG_WARN__DUPLICATE_METHOD_MATCH = YES;
				COPY_PHASE_STRIP = NO;
				DEBUG_INFORMATION_FORMAT = "dwarf-with-dsym";
				ENABLE_NS_ASSERTIONS = NO;
				ENABLE_STRICT_OBJC_MSGSEND = YES;
				ENABLE_USER_SCRIPT_SANDBOXING = YES;
				GCC_C_LANGUAGE_STANDARD = gnu17;
				GCC_NO_COMMON_BLOCKS = YES;
				GCC_WARN_64_TO_32_BIT_CONVERSION = YES;
				GCC_WARN_ABOUT_RETURN_TYPE = YES_ERROR;
				GCC_WARN_UNDECLARED_SELECTOR = YES;
				GCC_WARN_UNINITIALIZED_AUTOS = YES_AGGRESSIVE;
				GCC_WARN_UNUSED_FUNCTION = YES;
				GCC_WARN_UNUSED_VARIABLE = YES;
				IPHONEOS_DEPLOYMENT_TARGET = 17.2;
				LOCALIZATION_PREFERS_STRING_CATALOGS = YES;
				MTL_ENABLE_DEBUG_INFO = NO;
				MTL_FAST_MATH = YES;
				SDKROOT = iphoneos;
				SWIFT_COMPILATION_MODE = wholemodule;
				VALIDATE_PRODUCT = YES;
			};
			name = Release;
		};
		A32E91F52B8DF7DC00DC977B /* Debug */ = {
			isa = XCBuildConfiguration;
			buildSettings = {
				ASSETCATALOG_COMPILER_APPICON_NAME = AppIcon;
				ASSETCATALOG_COMPILER_GLOBAL_ACCENT_COLOR_NAME = AccentColor;
				CODE_SIGN_STYLE = Automatic;
				CURRENT_PROJECT_VERSION = 1;
				DEVELOPMENT_ASSET_PATHS = "\"WeatherApp/Preview Content\"";
				DEVELOPMENT_TEAM = JZ6GNTPXDT;
				ENABLE_PREVIEWS = YES;
				GENERATE_INFOPLIST_FILE = YES;
				INFOPLIST_KEY_UIApplicationSceneManifest_Generation = YES;
				INFOPLIST_KEY_UIApplicationSupportsIndirectInputEvents = YES;
				INFOPLIST_KEY_UILaunchScreen_Generation = YES;
				INFOPLIST_KEY_UISupportedInterfaceOrientations_iPad = "UIInterfaceOrientationPortrait UIInterfaceOrientationPortraitUpsideDown UIInterfaceOrientationLandscapeLeft UIInterfaceOrientationLandscapeRight";
				INFOPLIST_KEY_UISupportedInterfaceOrientations_iPhone = "UIInterfaceOrientationPortrait UIInterfaceOrientationLandscapeLeft UIInterfaceOrientationLandscapeRight";
				LD_RUNPATH_SEARCH_PATHS = (
					"$(inherited)",
					"@executable_path/Frameworks",
				);
				MARKETING_VERSION = 1.0;
				PRODUCT_BUNDLE_IDENTIFIER = com.demo.pablomarin.WeatherApp;
				PRODUCT_NAME = "$(TARGET_NAME)";
				SWIFT_EMIT_LOC_STRINGS = YES;
				SWIFT_VERSION = 5.0;
				TARGETED_DEVICE_FAMILY = "1,2";
			};
			name = Debug;
		};
		A32E91F62B8DF7DC00DC977B /* Release */ = {
			isa = XCBuildConfiguration;
			buildSettings = {
				ASSETCATALOG_COMPILER_APPICON_NAME = AppIcon;
				ASSETCATALOG_COMPILER_GLOBAL_ACCENT_COLOR_NAME = AccentColor;
				CODE_SIGN_STYLE = Automatic;
				CURRENT_PROJECT_VERSION = 1;
				DEVELOPMENT_ASSET_PATHS = "\"WeatherApp/Preview Content\"";
				DEVELOPMENT_TEAM = JZ6GNTPXDT;
				ENABLE_PREVIEWS = YES;
				GENERATE_INFOPLIST_FILE = YES;
				INFOPLIST_KEY_UIApplicationSceneManifest_Generation = YES;
				INFOPLIST_KEY_UIApplicationSupportsIndirectInputEvents = YES;
				INFOPLIST_KEY_UILaunchScreen_Generation = YES;
				INFOPLIST_KEY_UISupportedInterfaceOrientations_iPad = "UIInterfaceOrientationPortrait UIInterfaceOrientationPortraitUpsideDown UIInterfaceOrientationLandscapeLeft UIInterfaceOrientationLandscapeRight";
				INFOPLIST_KEY_UISupportedInterfaceOrientations_iPhone = "UIInterfaceOrientationPortrait UIInterfaceOrientationLandscapeLeft UIInterfaceOrientationLandscapeRight";
				LD_RUNPATH_SEARCH_PATHS = (
					"$(inherited)",
					"@executable_path/Frameworks",
				);
				MARKETING_VERSION = 1.0;
				PRODUCT_BUNDLE_IDENTIFIER = com.demo.pablomarin.WeatherApp;
				PRODUCT_NAME = "$(TARGET_NAME)";
				SWIFT_EMIT_LOC_STRINGS = YES;
				SWIFT_VERSION = 5.0;
				TARGETED_DEVICE_FAMILY = "1,2";
			};
			name = Release;
		};
/* End XCBuildConfiguration section */

/* Begin XCConfigurationList section */
		A32E91E12B8DF7DB00DC977B /* Build configuration list for PBXProject "WeatherApp" */ = {
			isa = XCConfigurationList;
			buildConfigurations = (
				A32E91F22B8DF7DC00DC977B /* Debug */,
				A32E91F32B8DF7DC00DC977B /* Release */,
			);
			defaultConfigurationIsVisible = 0;
			defaultConfigurationName = Release;
		};
		A32E91F42B8DF7DC00DC977B /* Build configuration list for PBXNativeTarget "WeatherApp" */ = {
			isa = XCConfigurationList;
			buildConfigurations = (
				A32E91F52B8DF7DC00DC977B /* Debug */,
				A32E91F62B8DF7DC00DC977B /* Release */,
			);
			defaultConfigurationIsVisible = 0;
			defaultConfigurationName = Release;
		};
/* End XCConfigurationList section */
	};
	rootObject = A32E91DE2B8DF7DB00DC977B /* Project object */;
}
